
Microsoft Visual Studio Solution File, Format Version 12.00
# Visual Studio 14
VisualStudioVersion = 14.0.24720.0
MinimumVisualStudioVersion = 10.0.40219.1
Project("{FAE04EC0-301F-11D3-BF4B-00C04F79EFBC}") = "TSSLogic", "SecretSharingLogic\TSSLogic.csproj", "{7C56DD86-BA90-474F-8425-F0718B87C3A9}"
EndProject
Project("{FAE04EC0-301F-11D3-BF4B-00C04F79EFBC}") = "Tests.TSSLogic", "Tests.SecretSharingLogic\Tests.TSSLogic.csproj", "{EE12B233-577C-4FAD-8D54-88A569BEFD5E}"
EndProject
Project("{FAE04EC0-301F-11D3-BF4B-00C04F79EFBC}") = "TSSGUI", "ShamirGUI\TSSGUI.csproj", "{FE59D8DD-6A43-492E-95DA-335152AAD377}"
EndProject
Global
	GlobalSection(SolutionConfigurationPlatforms) = preSolution
		Debug|Any CPU = Debug|Any CPU
		Release|Any CPU = Release|Any CPU
	EndGlobalSection
	GlobalSection(ProjectConfigurationPlatforms) = postSolution
		{7C56DD86-BA90-474F-8425-F0718B87C3A9}.Debug|Any CPU.ActiveCfg = Debug|Any CPU
		{7C56DD86-BA90-474F-8425-F0718B87C3A9}.Debug|Any CPU.Build.0 = Debug|Any CPU
		{7C56DD86-BA90-474F-8425-F0718B87C3A9}.Release|Any CPU.ActiveCfg = Release|Any CPU
		{7C56DD86-BA90-474F-8425-F0718B87C3A9}.Release|Any CPU.Build.0 = Release|Any CPU
		{EE12B233-577C-4FAD-8D54-88A569BEFD5E}.Debug|Any CPU.ActiveCfg = Debug|Any CPU
		{EE12B233-577C-4FAD-8D54-88A569BEFD5E}.Debug|Any CPU.Build.0 = Debug|Any CPU
		{EE12B233-577C-4FAD-8D54-88A569BEFD5E}.Release|Any CPU.ActiveCfg = Release|Any CPU
		{EE12B233-577C-4FAD-8D54-88A569BEFD5E}.Release|Any CPU.Build.0 = Release|Any CPU
		{FE59D8DD-6A43-492E-95DA-335152AAD377}.Debug|Any CPU.ActiveCfg = Debug|Any CPU
		{FE59D8DD-6A43-492E-95DA-335152AAD377}.Debug|Any CPU.Build.0 = Debug|Any CPU
		{FE59D8DD-6A43-492E-95DA-335152AAD377}.Release|Any CPU.ActiveCfg = Release|Any CPU
		{FE59D8DD-6A43-492E-95DA-335152AAD377}.Release|Any CPU.Build.0 = Release|Any CPU
	EndGlobalSection
	GlobalSection(SolutionProperties) = preSolution
		HideSolutionNode = FALSE
	EndGlobalSection
EndGlobal
